PODS:
  - Nimble (12.0.0)
  - Quick (6.1.0)

DEPENDENCIES:
  - Nimble
  - Quick

SPEC REPOS:
  trunk:
    - Nimble
    - Quick

SPEC CHECKSUMS:
  Nimble: 02a4990866e51868303a466970cd1c81bb84a192
  Quick: 6676ffb409bf04abba2ff23902af2407bfc6ac90

PODFILE CHECKSUM: 9012da94831219f6b3d6d1f3573e55e034aac866

COCOAPODS: 1.12.0
